
Microsoft Visual Studio Solution File, Format Version 12.00
# Visual Studio Version 16
VisualStudioVersion = 16.0.30011.22
MinimumVisualStudioVersion = 10.0.40219.1
Project("{FAE04EC0-301F-11D3-BF4B-00C04F79EFBC}") = "Lab05 - 2", "Lab05 - 2.csproj", "{BB11FD53-0BA2-4033-AE5E-866CADFCF847}"
EndProject
Global
	GlobalSection(SolutionConfigurationPlatforms) = preSolution
		Debug|Any CPU = Debug|Any CPU
		Release|Any CPU = Release|Any CPU
	EndGlobalSection
	GlobalSection(ProjectConfigurationPlatforms) = postSolution
		{BB11FD53-0BA2-4033-AE5E-866CADFCF847}.Debug|Any CPU.ActiveCfg = Debug|Any CPU
		{BB11FD53-0BA2-4033-AE5E-866CADFCF847}.Debug|Any CPU.Build.0 = Debug|Any CPU
		{BB11FD53-0BA2-4033-AE5E-866CADFCF847}.Release|Any CPU.ActiveCfg = Release|Any CPU
		{BB11FD53-0BA2-4033-AE5E-866CADFCF847}.Release|Any CPU.Build.0 = Release|Any CPU
	EndGlobalSection
	GlobalSection(SolutionProperties) = preSolution
		HideSolutionNode = FALSE
	EndGlobalSection
	GlobalSection(ExtensibilityGlobals) = postSolution
		SolutionGuid = {CAA2D3C0-B0AE-4288-A19D-64EED09F6F29}
	EndGlobalSection
EndGlobal
